
Microsoft Visual Studio Solution File, Format Version 12.00
# Visual Studio Version 17
VisualStudioVersion = 17.3.32929.385
MinimumVisualStudioVersion = 10.0.40219.1
Project("{FAE04EC0-301F-11D3-BF4B-00C04F79EFBC}") = "Entity", "Entity\Entity.csproj", "{088DA7DD-A9B7-4140-84C3-CE4EF3EC0BCF}"
EndProject
Project("{FAE04EC0-301F-11D3-BF4B-00C04F79EFBC}") = "Bussiness", "Bussiness\Bussiness.csproj", "{967C0CDB-6A1E-4985-B789-8B54F4F02156}"
EndProject
Project("{FAE04EC0-301F-11D3-BF4B-00C04F79EFBC}") = "DataAccess", "DataAccess\DataAccess.csproj", "{EAC508B2-0E3B-401E-B9C1-686420CC64C1}"
EndProject
Project("{FAE04EC0-301F-11D3-BF4B-00C04F79EFBC}") = "ConsoleLogTest", "ConsoleLogTest\ConsoleLogTest.csproj", "{B7654FC5-6994-4FF2-A151-665E6BC18E28}"
EndProject
Project("{FAE04EC0-301F-11D3-BF4B-00C04F79EFBC}") = "Core", "Core\Core.csproj", "{4186B08E-FC42-4924-9F85-7E9F530911CB}"
EndProject
Global
	GlobalSection(SolutionConfigurationPlatforms) = preSolution
		Debug|Any CPU = Debug|Any CPU
		Release|Any CPU = Release|Any CPU
	EndGlobalSection
	GlobalSection(ProjectConfigurationPlatforms) = postSolution
		{088DA7DD-A9B7-4140-84C3-CE4EF3EC0BCF}.Debug|Any CPU.ActiveCfg = Debug|Any CPU
		{088DA7DD-A9B7-4140-84C3-CE4EF3EC0BCF}.Debug|Any CPU.Build.0 = Debug|Any CPU
		{088DA7DD-A9B7-4140-84C3-CE4EF3EC0BCF}.Release|Any CPU.ActiveCfg = Release|Any CPU
		{088DA7DD-A9B7-4140-84C3-CE4EF3EC0BCF}.Release|Any CPU.Build.0 = Release|Any CPU
		{967C0CDB-6A1E-4985-B789-8B54F4F02156}.Debug|Any CPU.ActiveCfg = Debug|Any CPU
		{967C0CDB-6A1E-4985-B789-8B54F4F02156}.Debug|Any CPU.Build.0 = Debug|Any CPU
		{967C0CDB-6A1E-4985-B789-8B54F4F02156}.Release|Any CPU.ActiveCfg = Release|Any CPU
		{967C0CDB-6A1E-4985-B789-8B54F4F02156}.Release|Any CPU.Build.0 = Release|Any CPU
		{EAC508B2-0E3B-401E-B9C1-686420CC64C1}.Debug|Any CPU.ActiveCfg = Debug|Any CPU
		{EAC508B2-0E3B-401E-B9C1-686420CC64C1}.Debug|Any CPU.Build.0 = Debug|Any CPU
		{EAC508B2-0E3B-401E-B9C1-686420CC64C1}.Release|Any CPU.ActiveCfg = Release|Any CPU
		{EAC508B2-0E3B-401E-B9C1-686420CC64C1}.Release|Any CPU.Build.0 = Release|Any CPU
		{B7654FC5-6994-4FF2-A151-665E6BC18E28}.Debug|Any CPU.ActiveCfg = Debug|Any CPU
		{B7654FC5-6994-4FF2-A151-665E6BC18E28}.Debug|Any CPU.Build.0 = Debug|Any CPU
		{B7654FC5-6994-4FF2-A151-665E6BC18E28}.Release|Any CPU.ActiveCfg = Release|Any CPU
		{B7654FC5-6994-4FF2-A151-665E6BC18E28}.Release|Any CPU.Build.0 = Release|Any CPU
		{4186B08E-FC42-4924-9F85-7E9F530911CB}.Debug|Any CPU.ActiveCfg = Debug|Any CPU
		{4186B08E-FC42-4924-9F85-7E9F530911CB}.Debug|Any CPU.Build.0 = Debug|Any CPU
		{4186B08E-FC42-4924-9F85-7E9F530911CB}.Release|Any CPU.ActiveCfg = Release|Any CPU
		{4186B08E-FC42-4924-9F85-7E9F530911CB}.Release|Any CPU.Build.0 = Release|Any CPU
	EndGlobalSection
	GlobalSection(SolutionProperties) = preSolution
		HideSolutionNode = FALSE
	EndGlobalSection
	GlobalSection(ExtensibilityGlobals) = postSolution
		SolutionGuid = {DBB54C2C-8CDA-4B18-9F3E-E378046DD197}
	EndGlobalSection
EndGlobal
